
Microsoft Visual Studio Solution File, Format Version 12.00
# Visual Studio 15
VisualStudioVersion = 15.0.26730.8
MinimumVisualStudioVersion = 10.0.40219.1
Project("{FAE04EC0-301F-11D3-BF4B-00C04F79EFBC}") = "ISDB-TphPlayer", "ISDB-TphPlayer\ISDB-TphPlayer.csproj", "{80B5C125-C2D8-400D-BDA0-706664C89F78}"
EndProject
Global
	GlobalSection(SolutionConfigurationPlatforms) = preSolution
		Debug|Any CPU = Debug|Any CPU
		Release|Any CPU = Release|Any CPU
	EndGlobalSection
	GlobalSection(ProjectConfigurationPlatforms) = postSolution
		{80B5C125-C2D8-400D-BDA0-706664C89F78}.Debug|Any CPU.ActiveCfg = Debug|Any CPU
		{80B5C125-C2D8-400D-BDA0-706664C89F78}.Debug|Any CPU.Build.0 = Debug|Any CPU
		{80B5C125-C2D8-400D-BDA0-706664C89F78}.Release|Any CPU.ActiveCfg = Release|Any CPU
		{80B5C125-C2D8-400D-BDA0-706664C89F78}.Release|Any CPU.Build.0 = Release|Any CPU
	EndGlobalSection
	GlobalSection(SolutionProperties) = preSolution
		HideSolutionNode = FALSE
	EndGlobalSection
	GlobalSection(ExtensibilityGlobals) = postSolution
		SolutionGuid = {F6DB98A6-B1D6-4974-887E-DC768BB8DE21}
	EndGlobalSection
EndGlobal
